<?xml version="1.0" encoding="utf-8"?>
<Project ToolsVersion="15.0" xmlns="http://schemas.microsoft.com/developer/msbuild/2003">
  <ItemGroup>
    <Filter Include="Resources">
      <UniqueIdentifier>84a21adf-aaab-44cf-b569-86d566008776</UniqueIdentifier>
      <Extensions>rc;ico;cur;bmp;dlg;rc2;rct;bin;rgs;gif;jpg;jpeg;jpe;resx;tga;tiff;tif;png;wav;mfcribbon-ms</Extensions>
    </Filter>
  </ItemGroup>
  <ItemGroup>
    <ClCompile Include="pch.cpp" />
    <ClCompile Include="FrameAnalyzer.cpp" />
    <ClCompile Include="ColorConversion.cpp" />
    <ClCompile Include="Helper.cpp" />
    <ClCompile Include="ImageInjector.cpp" />
    <ClCompile Include="PreProcessing.cpp" />
    <ClCompile Include="CNTKEvaluator.cpp" />
  </ItemGroup>
  <ItemGroup>
    <ClInclude Include="pch.h" />
    <ClInclude Include="FrameAnalyzer.h" />
    <ClInclude Include="CNTKEvaluator.h" />
    <ClInclude Include="ColorConversion.h" />
    <ClInclude Include="Globals.h" />
    <ClInclude Include="Helper.h" />
    <ClInclude Include="ImageInjector.h" />
    <ClInclude Include="PreProcessing.h" />
  </ItemGroup>
</Project>